
Microsoft Visual Studio Solution File, Format Version 12.00
# Visual Studio Version 17
VisualStudioVersion = 17.2.32526.322
MinimumVisualStudioVersion = 10.0.40219.1
Project("{9A19103F-16F7-4668-BE54-9A1E7A4F7556}") = "Octopus.Terraform.VariableSet.Importer", "Octopus.Terraform.VariableSet.Importer\Octopus.Terraform.VariableSet.Importer.csproj", "{051D11AB-D55B-4076-ACD8-46B1FB158935}"
EndProject
Project("{2150E333-8FDC-42A3-9474-1A3956D46DE8}") = "RepoFiles", "RepoFiles", "{7805D02C-947E-4C7D-AAE3-9CD8911AC60B}"
	ProjectSection(SolutionItems) = preProject
		.gitignore = .gitignore
		LICENSE = LICENSE
		README.md = README.md
	EndProjectSection
EndProject
Global
	GlobalSection(SolutionConfigurationPlatforms) = preSolution
		Debug|Any CPU = Debug|Any CPU
		Release|Any CPU = Release|Any CPU
	EndGlobalSection
	GlobalSection(ProjectConfigurationPlatforms) = postSolution
		{051D11AB-D55B-4076-ACD8-46B1FB158935}.Debug|Any CPU.ActiveCfg = Debug|Any CPU
		{051D11AB-D55B-4076-ACD8-46B1FB158935}.Debug|Any CPU.Build.0 = Debug|Any CPU
		{051D11AB-D55B-4076-ACD8-46B1FB158935}.Release|Any CPU.ActiveCfg = Release|Any CPU
		{051D11AB-D55B-4076-ACD8-46B1FB158935}.Release|Any CPU.Build.0 = Release|Any CPU
	EndGlobalSection
	GlobalSection(SolutionProperties) = preSolution
		HideSolutionNode = FALSE
	EndGlobalSection
	GlobalSection(ExtensibilityGlobals) = postSolution
		SolutionGuid = {203128C7-B4D7-446B-BCF7-DE18CC0FB5D5}
	EndGlobalSection
EndGlobal
